{
  "projects": [
    {
      "projectId": "v5ohcrizy7bpv6djHhyfdg",
      "version": "latest",
      "dependencies": {
        "gmeH6XgPaBtkt51HunAo4g": "18.30.0"
      },
      "lang": "ts",
      "fileLocks": [
        {
          "assetId": "v5ohcrizy7bpv6djHhyfdg",
          "checksum": "e4f75244f5225d2980caeade16f9f0f7",
          "type": "projectModule"
        },
        {
          "assetId": "v5ohcrizy7bpv6djHhyfdg",
          "checksum": "53175f46804bddd279a88c5224857b58",
          "type": "styleTokensProvider"
        },
        {
          "type": "renderModule",
          "assetId": "FdZflqoTTIDP",
          "checksum": "45e1a0e74c09c2d63029184ce986e5ac"
        },
        {
          "type": "cssRules",
          "assetId": "FdZflqoTTIDP",
          "checksum": "45e1a0e74c09c2d63029184ce986e5ac"
        },
        {
          "type": "renderModule",
          "assetId": "MxoZFYieUjYY",
          "checksum": "70589080439b72349b93a7e89f99f9d7"
        },
        {
          "type": "cssRules",
          "assetId": "MxoZFYieUjYY",
          "checksum": "70589080439b72349b93a7e89f99f9d7"
        },
        {
          "type": "icon",
          "assetId": "IVizcH8Op4FY",
          "checksum": "5d44a089feed724111d57aa2925dbcc8"
        },
        {
          "type": "icon",
          "assetId": "fwMqYE6ideSH",
          "checksum": "e92e5ede81c9c7e85e5e14841b694e59"
        },
        {
          "type": "image",
          "assetId": "MNWeKv3a2HJV",
          "checksum": "6df08c48ddf2fd7763978405a0f45059"
        },
        {
          "assetId": "v5ohcrizy7bpv6djHhyfdg",
          "type": "projectCss",
          "checksum": "15cad8e4702b5d515246ca01c4927fbc"
        }
      ],
      "codegenVersion": "0.0.3"
    },
    {
      "projectId": "gmeH6XgPaBtkt51HunAo4g",
      "version": "18.30.0",
      "dependencies": {},
      "lang": "ts",
      "fileLocks": [
        {
          "assetId": "gmeH6XgPaBtkt51HunAo4g",
          "type": "projectCss",
          "checksum": "a92f8a81c335659a69443e50fd02af8c"
        },
        {
          "assetId": "gmeH6XgPaBtkt51HunAo4g",
          "checksum": "12432bceef704021122cb8b3d2017760",
          "type": "projectModule"
        },
        {
          "assetId": "gmeH6XgPaBtkt51HunAo4g",
          "checksum": "fe72ba8dfd186001e008f2e95fe60374",
          "type": "styleTokensProvider"
        }
      ],
      "codegenVersion": "0.0.3"
    }
  ],
  "cliVersion": "0.1.359"
}
