{
  "projects": [
    {
      "projectId": "v5ohcrizy7bpv6djHhyfdg",
      "version": "latest",
      "dependencies": {},
      "lang": "ts",
      "fileLocks": [
        {
          "assetId": "v5ohcrizy7bpv6djHhyfdg",
          "checksum": "e4f75244f5225d2980caeade16f9f0f7",
          "type": "projectModule"
        },
        {
          "assetId": "v5ohcrizy7bpv6djHhyfdg",
          "checksum": "53175f46804bddd279a88c5224857b58",
          "type": "styleTokensProvider"
        },
        {
          "type": "renderModule",
          "assetId": "FdZflqoTTIDP",
          "checksum": "ebceaa581fe05ec36919fc6464341a9c"
        },
        {
          "type": "cssRules",
          "assetId": "FdZflqoTTIDP",
          "checksum": "ebceaa581fe05ec36919fc6464341a9c"
        },
        {
          "assetId": "v5ohcrizy7bpv6djHhyfdg",
          "type": "projectCss",
          "checksum": "15cad8e4702b5d515246ca01c4927fbc"
        }
      ],
      "codegenVersion": "0.0.3"
    }
  ],
  "cliVersion": "0.1.359"
}
